
Microsoft Visual Studio Solution File, Format Version 12.00
Project("{FAE04EC0-301F-11D3-BF4B-00C04F79EFBC}") = "BudgetForms", "BudgetForms.csproj", "{0EC25CE3-0BEB-4206-9230-BEC5D7961E1D}"
EndProject
Global
	GlobalSection(SolutionConfigurationPlatforms) = preSolution
		Debug|Any CPU = Debug|Any CPU
		Release|Any CPU = Release|Any CPU
	EndGlobalSection
	GlobalSection(ProjectConfigurationPlatforms) = postSolution
		{0EC25CE3-0BEB-4206-9230-BEC5D7961E1D}.Debug|Any CPU.ActiveCfg = Debug|Any CPU
		{0EC25CE3-0BEB-4206-9230-BEC5D7961E1D}.Debug|Any CPU.Build.0 = Debug|Any CPU
		{0EC25CE3-0BEB-4206-9230-BEC5D7961E1D}.Release|Any CPU.ActiveCfg = Release|Any CPU
		{0EC25CE3-0BEB-4206-9230-BEC5D7961E1D}.Release|Any CPU.Build.0 = Release|Any CPU
	EndGlobalSection
EndGlobal
